
Microsoft Visual Studio Solution File, Format Version 12.00
# Visual Studio Version 17
VisualStudioVersion = 17.2.32630.192
MinimumVisualStudioVersion = 10.0.40219.1
Project("{FAE04EC0-301F-11D3-BF4B-00C04F79EFBC}") = "ASPCoreServer", "ASPCoreServer\ASPCoreServer.csproj", "{19C556D2-ED56-4B37-81B2-268892B6EBCC}"
EndProject
Global
	GlobalSection(SolutionConfigurationPlatforms) = preSolution
		Debug|Any CPU = Debug|Any CPU
		Release|Any CPU = Release|Any CPU
	EndGlobalSection
	GlobalSection(ProjectConfigurationPlatforms) = postSolution
		{19C556D2-ED56-4B37-81B2-268892B6EBCC}.Debug|Any CPU.ActiveCfg = Debug|Any CPU
		{19C556D2-ED56-4B37-81B2-268892B6EBCC}.Debug|Any CPU.Build.0 = Debug|Any CPU
		{19C556D2-ED56-4B37-81B2-268892B6EBCC}.Release|Any CPU.ActiveCfg = Release|Any CPU
		{19C556D2-ED56-4B37-81B2-268892B6EBCC}.Release|Any CPU.Build.0 = Release|Any CPU
	EndGlobalSection
	GlobalSection(SolutionProperties) = preSolution
		HideSolutionNode = FALSE
	EndGlobalSection
	GlobalSection(ExtensibilityGlobals) = postSolution
		SolutionGuid = {8F8A6F7C-5EB8-4C4D-B3DC-3C1215006B43}
	EndGlobalSection
EndGlobal
