
Microsoft Visual Studio Solution File, Format Version 12.00
# Visual Studio Version 17
VisualStudioVersion = 17.2.32630.192
MinimumVisualStudioVersion = 10.0.40219.1
Project("{FAE04EC0-301F-11D3-BF4B-00C04F79EFBC}") = "MyMessanger", "MyMessanger\MyMessanger.csproj", "{825EC9D2-7700-4FFC-B11A-DF367EF6D7A6}"
EndProject
Global
	GlobalSection(SolutionConfigurationPlatforms) = preSolution
		Debug|Any CPU = Debug|Any CPU
		Release|Any CPU = Release|Any CPU
	EndGlobalSection
	GlobalSection(ProjectConfigurationPlatforms) = postSolution
		{825EC9D2-7700-4FFC-B11A-DF367EF6D7A6}.Debug|Any CPU.ActiveCfg = Debug|Any CPU
		{825EC9D2-7700-4FFC-B11A-DF367EF6D7A6}.Debug|Any CPU.Build.0 = Debug|Any CPU
		{825EC9D2-7700-4FFC-B11A-DF367EF6D7A6}.Release|Any CPU.ActiveCfg = Release|Any CPU
		{825EC9D2-7700-4FFC-B11A-DF367EF6D7A6}.Release|Any CPU.Build.0 = Release|Any CPU
	EndGlobalSection
	GlobalSection(SolutionProperties) = preSolution
		HideSolutionNode = FALSE
	EndGlobalSection
	GlobalSection(ExtensibilityGlobals) = postSolution
		SolutionGuid = {622E60F7-C4A9-4563-8E97-DB66A21C8831}
	EndGlobalSection
EndGlobal
